
Microsoft Visual Studio Solution File, Format Version 12.00
# Visual Studio Version 17
VisualStudioVersion = 17.10.35004.147
MinimumVisualStudioVersion = 10.0.40219.1
Project("{FAE04EC0-301F-11D3-BF4B-00C04F79EFBC}") = "company", "company\company.csproj", "{71421AE9-440B-41EE-B7BD-BF50700CD75D}"
EndProject
Global
	GlobalSection(SolutionConfigurationPlatforms) = preSolution
		Debug|Any CPU = Debug|Any CPU
		Release|Any CPU = Release|Any CPU
	EndGlobalSection
	GlobalSection(ProjectConfigurationPlatforms) = postSolution
		{71421AE9-440B-41EE-B7BD-BF50700CD75D}.Debug|Any CPU.ActiveCfg = Debug|Any CPU
		{71421AE9-440B-41EE-B7BD-BF50700CD75D}.Debug|Any CPU.Build.0 = Debug|Any CPU
		{71421AE9-440B-41EE-B7BD-BF50700CD75D}.Release|Any CPU.ActiveCfg = Release|Any CPU
		{71421AE9-440B-41EE-B7BD-BF50700CD75D}.Release|Any CPU.Build.0 = Release|Any CPU
	EndGlobalSection
	GlobalSection(SolutionProperties) = preSolution
		HideSolutionNode = FALSE
	EndGlobalSection
	GlobalSection(ExtensibilityGlobals) = postSolution
		SolutionGuid = {5C9A724E-B5CD-4FCE-BBA8-AB835518DE68}
	EndGlobalSection
EndGlobal
